# This file is automatically @generated by Cargo.
# It is not intended for manual editing.
version = 4

[[package]]
name = "oh-my-limit"
version = "0.1.0"
dependencies = [
 "oml-codex-appserver",
 "oml-config",
 "oml-core",
]

[[package]]
name = "oml-codex-appserver"
version = "0.1.0"

[[package]]
name = "oml-codex-exec"
version = "0.1.0"

[[package]]
name = "oml-config"
version = "0.1.0"

[[package]]
name = "oml-core"
version = "0.1.0"

[[package]]
name = "oml-storage"
version = "0.1.0"

[[package]]
name = "oml-translation"
version = "0.1.0"

[[package]]
name = "xtask"
version = "0.1.0"
